{
  "version": "4",
  "specifiers": {
    "jsr:@std/fs@*": "1.0.15",
    "jsr:@std/path@*": "1.0.8",
    "jsr:@std/path@^1.0.8": "1.0.8"
  },
  "jsr": {
    "@std/fs@1.0.15": {
      "integrity": "c083fb479889d6440d768e498195c3fc499d426fbf9a6592f98f53884d1d3f41",
      "dependencies": [
        "jsr:@std/path@^1.0.8"
      ]
    },
    "@std/path@1.0.8": {
      "integrity": "548fa456bb6a04d3c1a1e7477986b6cffbce95102d0bb447c67c4ee70e0364be"
    }
  },
  "workspace": {
    "packageJson": {
      "dependencies": [
        "npm:@astrojs/svelte@^7.1.0",
        "npm:astro-icon@^1.1.5",
        "npm:astro@^5.10.1",
        "npm:bsmap@^2.2.4",
        "npm:imagescript@^1.3.1",
        "npm:prettier-plugin-astro@~0.14.1",
        "npm:prettier@^3.6.2",
        "npm:sass@^1.89.2",
        "npm:svelte@^5.34.8",
        "npm:typescript@^5.8.3"
      ]
    }
  }
}
